
Microsoft Visual Studio Solution File, Format Version 12.00
# Visual Studio for Mac
Project("{FAE04EC0-301F-11D3-BF4B-00C04F79EFBC}") = "Assembly-CSharp", "Assembly-CSharp.csproj", "{C03C4A07-F08C-A82B-A1BE-731458407FA3}"
EndProject
Global
	GlobalSection(SolutionConfigurationPlatforms) = preSolution
		Debug|Any CPU = Debug|Any CPU
		Release|Any CPU = Release|Any CPU
	EndGlobalSection
	GlobalSection(ProjectConfigurationPlatforms) = postSolution
		{C03C4A07-F08C-A82B-A1BE-731458407FA3}.Debug|Any CPU.ActiveCfg = Debug|Any CPU
		{C03C4A07-F08C-A82B-A1BE-731458407FA3}.Debug|Any CPU.Build.0 = Debug|Any CPU
		{C03C4A07-F08C-A82B-A1BE-731458407FA3}.Release|Any CPU.ActiveCfg = Release|Any CPU
		{C03C4A07-F08C-A82B-A1BE-731458407FA3}.Release|Any CPU.Build.0 = Release|Any CPU
	EndGlobalSection
	GlobalSection(SolutionProperties) = preSolution
		HideSolutionNode = FALSE
	EndGlobalSection
EndGlobal
